
Microsoft Visual Studio Solution File, Format Version 12.00
# Visual Studio Version 16
VisualStudioVersion = 16.0.31829.152
MinimumVisualStudioVersion = 10.0.40219.1
Project("{FAE04EC0-301F-11D3-BF4B-00C04F79EFBC}") = "UnlockOpenDoors", "UnlockOpenDoors\UnlockOpenDoors.csproj", "{FCFB39CB-9FBF-40DD-9491-40EB63FA5822}"
EndProject
Global
	GlobalSection(SolutionConfigurationPlatforms) = preSolution
		Debug|Any CPU = Debug|Any CPU
		Release|Any CPU = Release|Any CPU
	EndGlobalSection
	GlobalSection(ProjectConfigurationPlatforms) = postSolution
		{FCFB39CB-9FBF-40DD-9491-40EB63FA5822}.Debug|Any CPU.ActiveCfg = Debug|Any CPU
		{FCFB39CB-9FBF-40DD-9491-40EB63FA5822}.Debug|Any CPU.Build.0 = Debug|Any CPU
		{FCFB39CB-9FBF-40DD-9491-40EB63FA5822}.Release|Any CPU.ActiveCfg = Release|Any CPU
		{FCFB39CB-9FBF-40DD-9491-40EB63FA5822}.Release|Any CPU.Build.0 = Release|Any CPU
	EndGlobalSection
	GlobalSection(SolutionProperties) = preSolution
		HideSolutionNode = FALSE
	EndGlobalSection
	GlobalSection(ExtensibilityGlobals) = postSolution
		SolutionGuid = {04E1685F-FA3C-4B74-B1C3-6F9ADBA338D7}
	EndGlobalSection
EndGlobal
